
Microsoft Visual Studio Solution File, Format Version 12.00
# Visual Studio Version 16
VisualStudioVersion = 16.0.31205.134
MinimumVisualStudioVersion = 10.0.40219.1
Project("{FAE04EC0-301F-11D3-BF4B-00C04F79EFBC}") = "PayloadInjection", "PayloadInjection.csproj", "{A82B059B-0952-4944-AE29-3B725BF8B174}"
EndProject
Global
	GlobalSection(SolutionConfigurationPlatforms) = preSolution
		Debug|Any CPU = Debug|Any CPU
		Release|Any CPU = Release|Any CPU
	EndGlobalSection
	GlobalSection(ProjectConfigurationPlatforms) = postSolution
		{A82B059B-0952-4944-AE29-3B725BF8B174}.Debug|Any CPU.ActiveCfg = Debug|Any CPU
		{A82B059B-0952-4944-AE29-3B725BF8B174}.Debug|Any CPU.Build.0 = Debug|Any CPU
		{A82B059B-0952-4944-AE29-3B725BF8B174}.Release|Any CPU.ActiveCfg = Release|Any CPU
		{A82B059B-0952-4944-AE29-3B725BF8B174}.Release|Any CPU.Build.0 = Release|Any CPU
	EndGlobalSection
	GlobalSection(SolutionProperties) = preSolution
		HideSolutionNode = FALSE
	EndGlobalSection
	GlobalSection(ExtensibilityGlobals) = postSolution
		SolutionGuid = {373B6EEA-1702-44AA-9D10-61010BD69DA6}
	EndGlobalSection
EndGlobal
